
Microsoft Visual Studio Solution File, Format Version 12.00
# Visual Studio 2012
Project("{FAE04EC0-301F-11D3-BF4B-00C04F79EFBC}") = "CLI", "CLI\CLI.csproj", "{F4F5F058-5C31-4FED-B124-F84C026A7740}"
EndProject
Project("{FAE04EC0-301F-11D3-BF4B-00C04F79EFBC}") = "API", "API\API.csproj", "{F25C263B-76F8-412A-B629-A62EB54C4B17}"
EndProject
Project("{FAE04EC0-301F-11D3-BF4B-00C04F79EFBC}") = "Models", "Models\Models.csproj", "{563F7B8C-349A-4AC8-B5A8-48CC25FDFF15}"
EndProject
Project("{FAE04EC0-301F-11D3-BF4B-00C04F79EFBC}") = "UnitTests.Models", "UnitTests.Models\UnitTests.Models.csproj", "{3C35953C-D7F3-4FD0-BA0A-A72D78A75220}"
EndProject
Project("{2150E333-8FDC-42A3-9474-1A3956D46DE8}") = "Tests", "Tests", "{17A36AF1-4DA4-41C1-8751-D73434FFF1DA}"
EndProject
Project("{FAE04EC0-301F-11D3-BF4B-00C04F79EFBC}") = "UnitTests.API", "UnitTests.API\UnitTests.API.csproj", "{990972C6-0538-4D97-9431-E4286946555E}"
EndProject
Project("{FAE04EC0-301F-11D3-BF4B-00C04F79EFBC}") = "UnitTests.CLI", "UnitTests.CLI\UnitTests.CLI.csproj", "{298C61FD-4658-4095-A8B8-3BB84D71136D}"
EndProject
Project("{FAE04EC0-301F-11D3-BF4B-00C04F79EFBC}") = "UnitTests.Repositories", "UnitTests.Repositories\UnitTests.Repositories.csproj", "{FB2A3807-CF3C-42D6-9AB5-799982C694B4}"
EndProject
Project("{FAE04EC0-301F-11D3-BF4B-00C04F79EFBC}") = "Utilities", "Utilities\Utilities.csproj", "{90F7F903-ACB4-4B73-A7DB-095C8D56B8E5}"
EndProject
Project("{FAE04EC0-301F-11D3-BF4B-00C04F79EFBC}") = "UnitTests.Utilities", "UnitTests.Utilities\UnitTests.Utilities.csproj", "{7F5E2B7C-3210-48BF-8340-1EFB2A46C4A8}"
EndProject
Project("{2150E333-8FDC-42A3-9474-1A3956D46DE8}") = "Repositories", "Repositories", "{36549962-BF03-44CD-993C-D4BF0AB57FDE}"
EndProject
Project("{FAE04EC0-301F-11D3-BF4B-00C04F79EFBC}") = "Repositories.Fake", "Repositories.Fake\Repositories.Fake.csproj", "{C143E15C-0B1F-4516-B30D-BF64D3CC0615}"
EndProject
Project("{FAE04EC0-301F-11D3-BF4B-00C04F79EFBC}") = "Repositories.MongoDb", "Repositories.MongoDb\Repositories.MongoDb.csproj", "{EA25A24D-4A16-4D65-9063-8597151919CB}"
EndProject
Project("{FAE04EC0-301F-11D3-BF4B-00C04F79EFBC}") = "Repositories.Interfaces", "Repositories.Interfaces\Repositories.Interfaces.csproj", "{3E2A98AD-5ED2-4AA7-A948-D4ACE1E019F7}"
EndProject
Project("{E53339B2-1760-4266-BCC7-CA923CBCF16C}") = "docker-compose", "docker-compose.dcproj", "{EC331F01-60F1-4EC2-BE3C-5E19E411284A}"
EndProject
Global
	GlobalSection(SolutionConfigurationPlatforms) = preSolution
		Debug|Any CPU = Debug|Any CPU
		Release|Any CPU = Release|Any CPU
	EndGlobalSection
	GlobalSection(ProjectConfigurationPlatforms) = postSolution
		{F4F5F058-5C31-4FED-B124-F84C026A7740}.Debug|Any CPU.ActiveCfg = Debug|Any CPU
		{F4F5F058-5C31-4FED-B124-F84C026A7740}.Debug|Any CPU.Build.0 = Debug|Any CPU
		{F4F5F058-5C31-4FED-B124-F84C026A7740}.Release|Any CPU.ActiveCfg = Release|Any CPU
		{F4F5F058-5C31-4FED-B124-F84C026A7740}.Release|Any CPU.Build.0 = Release|Any CPU
		{F25C263B-76F8-412A-B629-A62EB54C4B17}.Debug|Any CPU.ActiveCfg = Debug|Any CPU
		{F25C263B-76F8-412A-B629-A62EB54C4B17}.Debug|Any CPU.Build.0 = Debug|Any CPU
		{F25C263B-76F8-412A-B629-A62EB54C4B17}.Release|Any CPU.ActiveCfg = Release|Any CPU
		{F25C263B-76F8-412A-B629-A62EB54C4B17}.Release|Any CPU.Build.0 = Release|Any CPU
		{563F7B8C-349A-4AC8-B5A8-48CC25FDFF15}.Debug|Any CPU.ActiveCfg = Debug|Any CPU
		{563F7B8C-349A-4AC8-B5A8-48CC25FDFF15}.Debug|Any CPU.Build.0 = Debug|Any CPU
		{563F7B8C-349A-4AC8-B5A8-48CC25FDFF15}.Release|Any CPU.ActiveCfg = Release|Any CPU
		{563F7B8C-349A-4AC8-B5A8-48CC25FDFF15}.Release|Any CPU.Build.0 = Release|Any CPU
		{3C35953C-D7F3-4FD0-BA0A-A72D78A75220}.Debug|Any CPU.ActiveCfg = Debug|Any CPU
		{3C35953C-D7F3-4FD0-BA0A-A72D78A75220}.Debug|Any CPU.Build.0 = Debug|Any CPU
		{3C35953C-D7F3-4FD0-BA0A-A72D78A75220}.Release|Any CPU.ActiveCfg = Release|Any CPU
		{3C35953C-D7F3-4FD0-BA0A-A72D78A75220}.Release|Any CPU.Build.0 = Release|Any CPU
		{990972C6-0538-4D97-9431-E4286946555E}.Debug|Any CPU.ActiveCfg = Debug|Any CPU
		{990972C6-0538-4D97-9431-E4286946555E}.Debug|Any CPU.Build.0 = Debug|Any CPU
		{990972C6-0538-4D97-9431-E4286946555E}.Release|Any CPU.ActiveCfg = Release|Any CPU
		{990972C6-0538-4D97-9431-E4286946555E}.Release|Any CPU.Build.0 = Release|Any CPU
		{298C61FD-4658-4095-A8B8-3BB84D71136D}.Debug|Any CPU.ActiveCfg = Debug|Any CPU
		{298C61FD-4658-4095-A8B8-3BB84D71136D}.Debug|Any CPU.Build.0 = Debug|Any CPU
		{298C61FD-4658-4095-A8B8-3BB84D71136D}.Release|Any CPU.ActiveCfg = Release|Any CPU
		{298C61FD-4658-4095-A8B8-3BB84D71136D}.Release|Any CPU.Build.0 = Release|Any CPU
		{FB2A3807-CF3C-42D6-9AB5-799982C694B4}.Debug|Any CPU.ActiveCfg = Debug|Any CPU
		{FB2A3807-CF3C-42D6-9AB5-799982C694B4}.Debug|Any CPU.Build.0 = Debug|Any CPU
		{FB2A3807-CF3C-42D6-9AB5-799982C694B4}.Release|Any CPU.ActiveCfg = Release|Any CPU
		{FB2A3807-CF3C-42D6-9AB5-799982C694B4}.Release|Any CPU.Build.0 = Release|Any CPU
		{90F7F903-ACB4-4B73-A7DB-095C8D56B8E5}.Debug|Any CPU.ActiveCfg = Debug|Any CPU
		{90F7F903-ACB4-4B73-A7DB-095C8D56B8E5}.Debug|Any CPU.Build.0 = Debug|Any CPU
		{90F7F903-ACB4-4B73-A7DB-095C8D56B8E5}.Release|Any CPU.ActiveCfg = Release|Any CPU
		{90F7F903-ACB4-4B73-A7DB-095C8D56B8E5}.Release|Any CPU.Build.0 = Release|Any CPU
		{7F5E2B7C-3210-48BF-8340-1EFB2A46C4A8}.Debug|Any CPU.ActiveCfg = Debug|Any CPU
		{7F5E2B7C-3210-48BF-8340-1EFB2A46C4A8}.Debug|Any CPU.Build.0 = Debug|Any CPU
		{7F5E2B7C-3210-48BF-8340-1EFB2A46C4A8}.Release|Any CPU.ActiveCfg = Release|Any CPU
		{7F5E2B7C-3210-48BF-8340-1EFB2A46C4A8}.Release|Any CPU.Build.0 = Release|Any CPU
		{C143E15C-0B1F-4516-B30D-BF64D3CC0615}.Debug|Any CPU.ActiveCfg = Debug|Any CPU
		{C143E15C-0B1F-4516-B30D-BF64D3CC0615}.Debug|Any CPU.Build.0 = Debug|Any CPU
		{C143E15C-0B1F-4516-B30D-BF64D3CC0615}.Release|Any CPU.ActiveCfg = Release|Any CPU
		{C143E15C-0B1F-4516-B30D-BF64D3CC0615}.Release|Any CPU.Build.0 = Release|Any CPU
		{EA25A24D-4A16-4D65-9063-8597151919CB}.Debug|Any CPU.ActiveCfg = Debug|Any CPU
		{EA25A24D-4A16-4D65-9063-8597151919CB}.Debug|Any CPU.Build.0 = Debug|Any CPU
		{EA25A24D-4A16-4D65-9063-8597151919CB}.Release|Any CPU.ActiveCfg = Release|Any CPU
		{EA25A24D-4A16-4D65-9063-8597151919CB}.Release|Any CPU.Build.0 = Release|Any CPU
		{3E2A98AD-5ED2-4AA7-A948-D4ACE1E019F7}.Debug|Any CPU.ActiveCfg = Debug|Any CPU
		{3E2A98AD-5ED2-4AA7-A948-D4ACE1E019F7}.Debug|Any CPU.Build.0 = Debug|Any CPU
		{3E2A98AD-5ED2-4AA7-A948-D4ACE1E019F7}.Release|Any CPU.ActiveCfg = Release|Any CPU
		{3E2A98AD-5ED2-4AA7-A948-D4ACE1E019F7}.Release|Any CPU.Build.0 = Release|Any CPU
		{EC331F01-60F1-4EC2-BE3C-5E19E411284A}.Debug|Any CPU.ActiveCfg = Debug|Any CPU
		{EC331F01-60F1-4EC2-BE3C-5E19E411284A}.Debug|Any CPU.Build.0 = Debug|Any CPU
		{EC331F01-60F1-4EC2-BE3C-5E19E411284A}.Release|Any CPU.ActiveCfg = Release|Any CPU
		{EC331F01-60F1-4EC2-BE3C-5E19E411284A}.Release|Any CPU.Build.0 = Release|Any CPU
	EndGlobalSection
	GlobalSection(NestedProjects) = preSolution
		{3C35953C-D7F3-4FD0-BA0A-A72D78A75220} = {17A36AF1-4DA4-41C1-8751-D73434FFF1DA}
		{990972C6-0538-4D97-9431-E4286946555E} = {17A36AF1-4DA4-41C1-8751-D73434FFF1DA}
		{298C61FD-4658-4095-A8B8-3BB84D71136D} = {17A36AF1-4DA4-41C1-8751-D73434FFF1DA}
		{FB2A3807-CF3C-42D6-9AB5-799982C694B4} = {17A36AF1-4DA4-41C1-8751-D73434FFF1DA}
		{7F5E2B7C-3210-48BF-8340-1EFB2A46C4A8} = {17A36AF1-4DA4-41C1-8751-D73434FFF1DA}
		{C143E15C-0B1F-4516-B30D-BF64D3CC0615} = {36549962-BF03-44CD-993C-D4BF0AB57FDE}
		{EA25A24D-4A16-4D65-9063-8597151919CB} = {36549962-BF03-44CD-993C-D4BF0AB57FDE}
		{3E2A98AD-5ED2-4AA7-A948-D4ACE1E019F7} = {36549962-BF03-44CD-993C-D4BF0AB57FDE}
	EndGlobalSection
EndGlobal
